Microsoft Visual Studio Solution File, Format Version 12.00
# Visual Studio Version 17
VisualStudioVersion = 17.5.2.0
MinimumVisualStudioVersion = 10.0.40219.1
Project("{2150E333-8FDC-42A3-9474-1A3956D46DE8}") = "CSharpProjects", "CSharpProjects", "{377645E0-7459-E4D6-7B01-C40A186E0CA7}"
EndProject
Project("{FAE04EC0-301F-11D3-BF4B-00C04F79EFBC}") = "TestProjects", "CSharpProjects\TestProjects\TestProjects.csproj", "{C38D5484-CA5F-17F2-51D4-D5D87FFCA73B}"
EndProject
Global
	GlobalSection(SolutionConfigurationPlatforms) = preSolution
		Debug|Any CPU = Debug|Any CPU
		Release|Any CPU = Release|Any CPU
	EndGlobalSection
	GlobalSection(ProjectConfigurationPlatforms) = postSolution
		{C38D5484-CA5F-17F2-51D4-D5D87FFCA73B}.Debug|Any CPU.ActiveCfg = Debug|Any CPU
		{C38D5484-CA5F-17F2-51D4-D5D87FFCA73B}.Debug|Any CPU.Build.0 = Debug|Any CPU
		{C38D5484-CA5F-17F2-51D4-D5D87FFCA73B}.Release|Any CPU.ActiveCfg = Release|Any CPU
		{C38D5484-CA5F-17F2-51D4-D5D87FFCA73B}.Release|Any CPU.Build.0 = Release|Any CPU
	EndGlobalSection
	GlobalSection(SolutionProperties) = preSolution
		HideSolutionNode = FALSE
	EndGlobalSection
	GlobalSection(NestedProjects) = preSolution
		{C38D5484-CA5F-17F2-51D4-D5D87FFCA73B} = {377645E0-7459-E4D6-7B01-C40A186E0CA7}
	EndGlobalSection
	GlobalSection(ExtensibilityGlobals) = postSolution
		SolutionGuid = {D13FD36C-C016-4395-AD36-148557F705AC}
	EndGlobalSection
EndGlobal
