Microsoft Visual Studio Solution File, Format Version 12.00
# Visual Studio Version 17
VisualStudioVersion = 17.5.2.0
MinimumVisualStudioVersion = 10.0.40219.1
Project("{2150E333-8FDC-42A3-9474-1A3956D46DE8}") = "csharp-activity", "csharp-activity", "{09C0359B-3663-11E0-DE81-7F275FCDBDDA}"
EndProject
Project("{FAE04EC0-301F-11D3-BF4B-00C04F79EFBC}") = "test-activity", "csharp-activity\test-activity\test-activity.csproj", "{9650EDC1-C847-5AF0-A57F-261E51804031}"
EndProject
Global
	GlobalSection(SolutionConfigurationPlatforms) = preSolution
		Debug|Any CPU = Debug|Any CPU
		Release|Any CPU = Release|Any CPU
	EndGlobalSection
	GlobalSection(ProjectConfigurationPlatforms) = postSolution
		{9650EDC1-C847-5AF0-A57F-261E51804031}.Debug|Any CPU.ActiveCfg = Debug|Any CPU
		{9650EDC1-C847-5AF0-A57F-261E51804031}.Debug|Any CPU.Build.0 = Debug|Any CPU
		{9650EDC1-C847-5AF0-A57F-261E51804031}.Release|Any CPU.ActiveCfg = Release|Any CPU
		{9650EDC1-C847-5AF0-A57F-261E51804031}.Release|Any CPU.Build.0 = Release|Any CPU
	EndGlobalSection
	GlobalSection(SolutionProperties) = preSolution
		HideSolutionNode = FALSE
	EndGlobalSection
	GlobalSection(NestedProjects) = preSolution
		{9650EDC1-C847-5AF0-A57F-261E51804031} = {09C0359B-3663-11E0-DE81-7F275FCDBDDA}
	EndGlobalSection
	GlobalSection(ExtensibilityGlobals) = postSolution
		SolutionGuid = {FD2F76A5-7F62-4F0E-BC34-E5287C53D776}
	EndGlobalSection
EndGlobal
